{
  "object": {
    "pins": [
      {
        "package": "KNContactsPicker",
        "repositoryURL": "https://github.com/dragosrobertn/KNContactsPicker",
        "state": {
          "branch": null,
          "revision": "cee321ce8f46b63a99b6d12105e437f48d897c80",
          "version": "0.3.0-alpha-2"
        }
      }
    ]
  },
  "version": 1
}
